{
  "object": {
    "pins": [
      {
        "package": "BetterSafariView",
        "repositoryURL": "https://github.com/stleamist/BetterSafariView",
        "state": {
          "branch": "main",
          "revision": "9c051d20dbb50fa61d014d87b4ab6c5504408a73",
          "version": null
        }
      },
      {
        "package": "PagerTabStripView",
        "repositoryURL": "https://github.com/xmartlabs/PagerTabStripView.git",
        "state": {
          "branch": null,
          "revision": "5df4dbf4f125d0037112d2e6a37cb4ac786e2685",
          "version": "3.1.1"
        }
      }
    ]
  },
  "version": 1
}
